
Microsoft Visual Studio Solution File, Format Version 12.00
# Visual Studio Version 17
VisualStudioVersion = 17.6.33815.320
MinimumVisualStudioVersion = 10.0.40219.1
Project("{FAE04EC0-301F-11D3-BF4B-00C04F79EFBC}") = "4-1", "4-1\4-1.csproj", "{50464377-6FDC-4B13-A307-7F9E395E7638}"
EndProject
Global
	GlobalSection(SolutionConfigurationPlatforms) = preSolution
		Debug|Any CPU = Debug|Any CPU
		Release|Any CPU = Release|Any CPU
	EndGlobalSection
	GlobalSection(ProjectConfigurationPlatforms) = postSolution
		{50464377-6FDC-4B13-A307-7F9E395E7638}.Debug|Any CPU.ActiveCfg = Debug|Any CPU
		{50464377-6FDC-4B13-A307-7F9E395E7638}.Debug|Any CPU.Build.0 = Debug|Any CPU
		{50464377-6FDC-4B13-A307-7F9E395E7638}.Release|Any CPU.ActiveCfg = Release|Any CPU
		{50464377-6FDC-4B13-A307-7F9E395E7638}.Release|Any CPU.Build.0 = Release|Any CPU
	EndGlobalSection
	GlobalSection(SolutionProperties) = preSolution
		HideSolutionNode = FALSE
	EndGlobalSection
	GlobalSection(ExtensibilityGlobals) = postSolution
		SolutionGuid = {94EB423C-1B8A-40A3-B3A9-F88F32DB10E5}
	EndGlobalSection
EndGlobal
